
Microsoft Visual Studio Solution File, Format Version 12.00
# Visual Studio Version 16
VisualStudioVersion = 16.0.28922.388
MinimumVisualStudioVersion = 10.0.40219.1
Project("{FAE04EC0-301F-11D3-BF4B-00C04F79EFBC}") = "wskh.Core", "wskh.Core\wskh.Core.csproj", "{34BEBC71-46A7-47F2-9416-DBDD8F2AC266}"
EndProject
Project("{FAE04EC0-301F-11D3-BF4B-00C04F79EFBC}") = "wskh.Data", "wskh.Data\wskh.Data.csproj", "{2278611A-C485-40DA-AF04-5C71C57874F1}"
EndProject
Project("{FAE04EC0-301F-11D3-BF4B-00C04F79EFBC}") = "wskh.Model", "wskh.Model\wskh.Model.csproj", "{06A0DE46-CA6D-418B-82DC-8B7280E3FC94}"
EndProject
Project("{FAE04EC0-301F-11D3-BF4B-00C04F79EFBC}") = "wskh.Service", "wskh.Service\wskh.Service.csproj", "{C625200F-D801-4358-A14D-66A0C2DF3491}"
EndProject
Project("{FAE04EC0-301F-11D3-BF4B-00C04F79EFBC}") = "wskh.Web", "wskh.Web\wskh.Web.csproj", "{FC5773DB-009F-4D3B-BF50-C8DAC7C92D8A}"
EndProject
Project("{FAE04EC0-301F-11D3-BF4B-00C04F79EFBC}") = "wskh.WebEssentials", "wskh.WebEssentials\wskh.WebEssentials.csproj", "{4BBA69CB-ADDA-4E6C-99DC-252DAD47B618}"
EndProject
Project("{FAE04EC0-301F-11D3-BF4B-00C04F79EFBC}") = "wskh.FingerTec", "wskh.FingerTec\wskh.FingerTec.csproj", "{A3B82DD0-9E7D-4D74-87CC-4A69492F4CA6}"
EndProject
Project("{2150E333-8FDC-42A3-9474-1A3956D46DE8}") = "SDKs", "SDKs", "{7A950C89-9EC1-4A1E-A9FF-AC69BD603C59}"
EndProject
Project("{2150E333-8FDC-42A3-9474-1A3956D46DE8}") = "DataBase", "DataBase", "{D6508E17-BC99-4096-B8AF-EF1C775564CD}"
EndProject
Project("{2150E333-8FDC-42A3-9474-1A3956D46DE8}") = "Presentation", "Presentation", "{5B62B82B-FC83-4AC2-B976-D6943773120B}"
EndProject
Project("{FAE04EC0-301F-11D3-BF4B-00C04F79EFBC}") = "wskh.StoredProcedure", "wskh.StoredProcedure\wskh.StoredProcedure.csproj", "{4D47E216-7994-4DAD-8695-E3BC4A906BD2}"
EndProject
Project("{FAE04EC0-301F-11D3-BF4B-00C04F79EFBC}") = "wskh.Connector.Wpf", "wskh.Connector.Wpf\wskh.Connector.Wpf.csproj", "{C4DB93FE-6C82-42B2-B0F8-591A4ECCA92A}"
EndProject
Project("{2150E333-8FDC-42A3-9474-1A3956D46DE8}") = "Analyzing", "Analyzing", "{D025A43E-5C3B-4B33-87BB-57EE6C6A3648}"
EndProject
Project("{FAE04EC0-301F-11D3-BF4B-00C04F79EFBC}") = "OrdinaryWorkProgram.anly", "OrdinaryWorkProgram.anly\OrdinaryWorkProgram.anly.csproj", "{44F0F9C3-0ADF-4D97-B725-2DD6C584F079}"
EndProject
Project("{FAE04EC0-301F-11D3-BF4B-00C04F79EFBC}") = "wskh.ReportModel", "wskh.ReportModel\wskh.ReportModel.csproj", "{E306394F-B7C0-4667-8946-E24EBFA55AFD}"
EndProject
Global
	GlobalSection(SolutionConfigurationPlatforms) = preSolution
		Debug|Any CPU = Debug|Any CPU
		Debug|x86 = Debug|x86
		Release|Any CPU = Release|Any CPU
		Release|x86 = Release|x86
	EndGlobalSection
	GlobalSection(ProjectConfigurationPlatforms) = postSolution
		{34BEBC71-46A7-47F2-9416-DBDD8F2AC266}.Debug|Any CPU.ActiveCfg = Debug|Any CPU
		{34BEBC71-46A7-47F2-9416-DBDD8F2AC266}.Debug|Any CPU.Build.0 = Debug|Any CPU
		{34BEBC71-46A7-47F2-9416-DBDD8F2AC266}.Debug|x86.ActiveCfg = Debug|Any CPU
		{34BEBC71-46A7-47F2-9416-DBDD8F2AC266}.Debug|x86.Build.0 = Debug|Any CPU
		{34BEBC71-46A7-47F2-9416-DBDD8F2AC266}.Release|Any CPU.ActiveCfg = Release|Any CPU
		{34BEBC71-46A7-47F2-9416-DBDD8F2AC266}.Release|Any CPU.Build.0 = Release|Any CPU
		{34BEBC71-46A7-47F2-9416-DBDD8F2AC266}.Release|x86.ActiveCfg = Release|Any CPU
		{34BEBC71-46A7-47F2-9416-DBDD8F2AC266}.Release|x86.Build.0 = Release|Any CPU
		{2278611A-C485-40DA-AF04-5C71C57874F1}.Debug|Any CPU.ActiveCfg = Debug|Any CPU
		{2278611A-C485-40DA-AF04-5C71C57874F1}.Debug|Any CPU.Build.0 = Debug|Any CPU
		{2278611A-C485-40DA-AF04-5C71C57874F1}.Debug|x86.ActiveCfg = Debug|Any CPU
		{2278611A-C485-40DA-AF04-5C71C57874F1}.Debug|x86.Build.0 = Debug|Any CPU
		{2278611A-C485-40DA-AF04-5C71C57874F1}.Release|Any CPU.ActiveCfg = Release|Any CPU
		{2278611A-C485-40DA-AF04-5C71C57874F1}.Release|Any CPU.Build.0 = Release|Any CPU
		{2278611A-C485-40DA-AF04-5C71C57874F1}.Release|x86.ActiveCfg = Release|Any CPU
		{2278611A-C485-40DA-AF04-5C71C57874F1}.Release|x86.Build.0 = Release|Any CPU
		{06A0DE46-CA6D-418B-82DC-8B7280E3FC94}.Debug|Any CPU.ActiveCfg = Debug|Any CPU
		{06A0DE46-CA6D-418B-82DC-8B7280E3FC94}.Debug|Any CPU.Build.0 = Debug|Any CPU
		{06A0DE46-CA6D-418B-82DC-8B7280E3FC94}.Debug|x86.ActiveCfg = Debug|Any CPU
		{06A0DE46-CA6D-418B-82DC-8B7280E3FC94}.Debug|x86.Build.0 = Debug|Any CPU
		{06A0DE46-CA6D-418B-82DC-8B7280E3FC94}.Release|Any CPU.ActiveCfg = Release|Any CPU
		{06A0DE46-CA6D-418B-82DC-8B7280E3FC94}.Release|Any CPU.Build.0 = Release|Any CPU
		{06A0DE46-CA6D-418B-82DC-8B7280E3FC94}.Release|x86.ActiveCfg = Release|Any CPU
		{06A0DE46-CA6D-418B-82DC-8B7280E3FC94}.Release|x86.Build.0 = Release|Any CPU
		{C625200F-D801-4358-A14D-66A0C2DF3491}.Debug|Any CPU.ActiveCfg = Debug|Any CPU
		{C625200F-D801-4358-A14D-66A0C2DF3491}.Debug|Any CPU.Build.0 = Debug|Any CPU
		{C625200F-D801-4358-A14D-66A0C2DF3491}.Debug|x86.ActiveCfg = Debug|Any CPU
		{C625200F-D801-4358-A14D-66A0C2DF3491}.Debug|x86.Build.0 = Debug|Any CPU
		{C625200F-D801-4358-A14D-66A0C2DF3491}.Release|Any CPU.ActiveCfg = Release|Any CPU
		{C625200F-D801-4358-A14D-66A0C2DF3491}.Release|Any CPU.Build.0 = Release|Any CPU
		{C625200F-D801-4358-A14D-66A0C2DF3491}.Release|x86.ActiveCfg = Release|Any CPU
		{C625200F-D801-4358-A14D-66A0C2DF3491}.Release|x86.Build.0 = Release|Any CPU
		{FC5773DB-009F-4D3B-BF50-C8DAC7C92D8A}.Debug|Any CPU.ActiveCfg = Debug|Any CPU
		{FC5773DB-009F-4D3B-BF50-C8DAC7C92D8A}.Debug|Any CPU.Build.0 = Debug|Any CPU
		{FC5773DB-009F-4D3B-BF50-C8DAC7C92D8A}.Debug|x86.ActiveCfg = Debug|Any CPU
		{FC5773DB-009F-4D3B-BF50-C8DAC7C92D8A}.Debug|x86.Build.0 = Debug|Any CPU
		{FC5773DB-009F-4D3B-BF50-C8DAC7C92D8A}.Release|Any CPU.ActiveCfg = Release|Any CPU
		{FC5773DB-009F-4D3B-BF50-C8DAC7C92D8A}.Release|Any CPU.Build.0 = Release|Any CPU
		{FC5773DB-009F-4D3B-BF50-C8DAC7C92D8A}.Release|x86.ActiveCfg = Release|Any CPU
		{FC5773DB-009F-4D3B-BF50-C8DAC7C92D8A}.Release|x86.Build.0 = Release|Any CPU
		{4BBA69CB-ADDA-4E6C-99DC-252DAD47B618}.Debug|Any CPU.ActiveCfg = Debug|Any CPU
		{4BBA69CB-ADDA-4E6C-99DC-252DAD47B618}.Debug|Any CPU.Build.0 = Debug|Any CPU
		{4BBA69CB-ADDA-4E6C-99DC-252DAD47B618}.Debug|x86.ActiveCfg = Debug|Any CPU
		{4BBA69CB-ADDA-4E6C-99DC-252DAD47B618}.Debug|x86.Build.0 = Debug|Any CPU
		{4BBA69CB-ADDA-4E6C-99DC-252DAD47B618}.Release|Any CPU.ActiveCfg = Release|Any CPU
		{4BBA69CB-ADDA-4E6C-99DC-252DAD47B618}.Release|Any CPU.Build.0 = Release|Any CPU
		{4BBA69CB-ADDA-4E6C-99DC-252DAD47B618}.Release|x86.ActiveCfg = Release|Any CPU
		{4BBA69CB-ADDA-4E6C-99DC-252DAD47B618}.Release|x86.Build.0 = Release|Any CPU
		{A3B82DD0-9E7D-4D74-87CC-4A69492F4CA6}.Debug|Any CPU.ActiveCfg = Debug|Any CPU
		{A3B82DD0-9E7D-4D74-87CC-4A69492F4CA6}.Debug|Any CPU.Build.0 = Debug|Any CPU
		{A3B82DD0-9E7D-4D74-87CC-4A69492F4CA6}.Debug|x86.ActiveCfg = Debug|Any CPU
		{A3B82DD0-9E7D-4D74-87CC-4A69492F4CA6}.Debug|x86.Build.0 = Debug|Any CPU
		{A3B82DD0-9E7D-4D74-87CC-4A69492F4CA6}.Release|Any CPU.ActiveCfg = Release|Any CPU
		{A3B82DD0-9E7D-4D74-87CC-4A69492F4CA6}.Release|Any CPU.Build.0 = Release|Any CPU
		{A3B82DD0-9E7D-4D74-87CC-4A69492F4CA6}.Release|x86.ActiveCfg = Release|Any CPU
		{A3B82DD0-9E7D-4D74-87CC-4A69492F4CA6}.Release|x86.Build.0 = Release|Any CPU
		{4D47E216-7994-4DAD-8695-E3BC4A906BD2}.Debug|Any CPU.ActiveCfg = Debug|Any CPU
		{4D47E216-7994-4DAD-8695-E3BC4A906BD2}.Debug|Any CPU.Build.0 = Debug|Any CPU
		{4D47E216-7994-4DAD-8695-E3BC4A906BD2}.Debug|x86.ActiveCfg = Debug|Any CPU
		{4D47E216-7994-4DAD-8695-E3BC4A906BD2}.Debug|x86.Build.0 = Debug|Any CPU
		{4D47E216-7994-4DAD-8695-E3BC4A906BD2}.Release|Any CPU.ActiveCfg = Release|Any CPU
		{4D47E216-7994-4DAD-8695-E3BC4A906BD2}.Release|Any CPU.Build.0 = Release|Any CPU
		{4D47E216-7994-4DAD-8695-E3BC4A906BD2}.Release|x86.ActiveCfg = Release|Any CPU
		{4D47E216-7994-4DAD-8695-E3BC4A906BD2}.Release|x86.Build.0 = Release|Any CPU
		{C4DB93FE-6C82-42B2-B0F8-591A4ECCA92A}.Debug|Any CPU.ActiveCfg = Debug|Any CPU
		{C4DB93FE-6C82-42B2-B0F8-591A4ECCA92A}.Debug|Any CPU.Build.0 = Debug|Any CPU
		{C4DB93FE-6C82-42B2-B0F8-591A4ECCA92A}.Debug|x86.ActiveCfg = Debug|Any CPU
		{C4DB93FE-6C82-42B2-B0F8-591A4ECCA92A}.Debug|x86.Build.0 = Debug|Any CPU
		{C4DB93FE-6C82-42B2-B0F8-591A4ECCA92A}.Release|Any CPU.ActiveCfg = Release|Any CPU
		{C4DB93FE-6C82-42B2-B0F8-591A4ECCA92A}.Release|Any CPU.Build.0 = Release|Any CPU
		{C4DB93FE-6C82-42B2-B0F8-591A4ECCA92A}.Release|x86.ActiveCfg = Release|Any CPU
		{C4DB93FE-6C82-42B2-B0F8-591A4ECCA92A}.Release|x86.Build.0 = Release|Any CPU
		{44F0F9C3-0ADF-4D97-B725-2DD6C584F079}.Debug|Any CPU.ActiveCfg = Debug|Any CPU
		{44F0F9C3-0ADF-4D97-B725-2DD6C584F079}.Debug|Any CPU.Build.0 = Debug|Any CPU
		{44F0F9C3-0ADF-4D97-B725-2DD6C584F079}.Debug|x86.ActiveCfg = Debug|Any CPU
		{44F0F9C3-0ADF-4D97-B725-2DD6C584F079}.Debug|x86.Build.0 = Debug|Any CPU
		{44F0F9C3-0ADF-4D97-B725-2DD6C584F079}.Release|Any CPU.ActiveCfg = Release|Any CPU
		{44F0F9C3-0ADF-4D97-B725-2DD6C584F079}.Release|Any CPU.Build.0 = Release|Any CPU
		{44F0F9C3-0ADF-4D97-B725-2DD6C584F079}.Release|x86.ActiveCfg = Release|Any CPU
		{44F0F9C3-0ADF-4D97-B725-2DD6C584F079}.Release|x86.Build.0 = Release|Any CPU
		{E306394F-B7C0-4667-8946-E24EBFA55AFD}.Debug|Any CPU.ActiveCfg = Debug|Any CPU
		{E306394F-B7C0-4667-8946-E24EBFA55AFD}.Debug|Any CPU.Build.0 = Debug|Any CPU
		{E306394F-B7C0-4667-8946-E24EBFA55AFD}.Debug|x86.ActiveCfg = Debug|Any CPU
		{E306394F-B7C0-4667-8946-E24EBFA55AFD}.Debug|x86.Build.0 = Debug|Any CPU
		{E306394F-B7C0-4667-8946-E24EBFA55AFD}.Release|Any CPU.ActiveCfg = Release|Any CPU
		{E306394F-B7C0-4667-8946-E24EBFA55AFD}.Release|Any CPU.Build.0 = Release|Any CPU
		{E306394F-B7C0-4667-8946-E24EBFA55AFD}.Release|x86.ActiveCfg = Release|Any CPU
		{E306394F-B7C0-4667-8946-E24EBFA55AFD}.Release|x86.Build.0 = Release|Any CPU
	EndGlobalSection
	GlobalSection(SolutionProperties) = preSolution
		HideSolutionNode = FALSE
	EndGlobalSection
	GlobalSection(NestedProjects) = preSolution
		{34BEBC71-46A7-47F2-9416-DBDD8F2AC266} = {D6508E17-BC99-4096-B8AF-EF1C775564CD}
		{2278611A-C485-40DA-AF04-5C71C57874F1} = {D6508E17-BC99-4096-B8AF-EF1C775564CD}
		{06A0DE46-CA6D-418B-82DC-8B7280E3FC94} = {D6508E17-BC99-4096-B8AF-EF1C775564CD}
		{C625200F-D801-4358-A14D-66A0C2DF3491} = {D6508E17-BC99-4096-B8AF-EF1C775564CD}
		{FC5773DB-009F-4D3B-BF50-C8DAC7C92D8A} = {5B62B82B-FC83-4AC2-B976-D6943773120B}
		{4BBA69CB-ADDA-4E6C-99DC-252DAD47B618} = {D6508E17-BC99-4096-B8AF-EF1C775564CD}
		{A3B82DD0-9E7D-4D74-87CC-4A69492F4CA6} = {7A950C89-9EC1-4A1E-A9FF-AC69BD603C59}
		{4D47E216-7994-4DAD-8695-E3BC4A906BD2} = {D6508E17-BC99-4096-B8AF-EF1C775564CD}
		{C4DB93FE-6C82-42B2-B0F8-591A4ECCA92A} = {5B62B82B-FC83-4AC2-B976-D6943773120B}
		{44F0F9C3-0ADF-4D97-B725-2DD6C584F079} = {D025A43E-5C3B-4B33-87BB-57EE6C6A3648}
		{E306394F-B7C0-4667-8946-E24EBFA55AFD} = {D6508E17-BC99-4096-B8AF-EF1C775564CD}
	EndGlobalSection
	GlobalSection(ExtensibilityGlobals) = postSolution
		SolutionGuid = {E37E6D21-8A11-4C8C-A1D0-C88B622667D6}
	EndGlobalSection
EndGlobal
